
Microsoft Visual Studio Solution File, Format Version 12.00
# Visual Studio 15
VisualStudioVersion = 15.0.28307.136
MinimumVisualStudioVersion = 10.0.40219.1
Project("{9A19103F-16F7-4668-BE54-9A1E7A4F7556}") = "CoreCMS.MVC.Auth", "CoreCMS.MVC.Auth\CoreCMS.MVC.Auth.csproj", "{4EE7CBF8-10D2-402A-A6FF-3B8F6EF7F754}"
EndProject
Project("{FAE04EC0-301F-11D3-BF4B-00C04F79EFBC}") = "TestApplication", "TestApplication\TestApplication.csproj", "{44318E9C-A012-490B-955D-A1152FA8CAB8}"
EndProject
Global
	GlobalSection(SolutionConfigurationPlatforms) = preSolution
		Debug|Any CPU = Debug|Any CPU
		Release|Any CPU = Release|Any CPU
	EndGlobalSection
	GlobalSection(ProjectConfigurationPlatforms) = postSolution
		{4EE7CBF8-10D2-402A-A6FF-3B8F6EF7F754}.Debug|Any CPU.ActiveCfg = Debug|Any CPU
		{4EE7CBF8-10D2-402A-A6FF-3B8F6EF7F754}.Debug|Any CPU.Build.0 = Debug|Any CPU
		{4EE7CBF8-10D2-402A-A6FF-3B8F6EF7F754}.Release|Any CPU.ActiveCfg = Release|Any CPU
		{4EE7CBF8-10D2-402A-A6FF-3B8F6EF7F754}.Release|Any CPU.Build.0 = Release|Any CPU
		{44318E9C-A012-490B-955D-A1152FA8CAB8}.Debug|Any CPU.ActiveCfg = Debug|Any CPU
		{44318E9C-A012-490B-955D-A1152FA8CAB8}.Debug|Any CPU.Build.0 = Debug|Any CPU
		{44318E9C-A012-490B-955D-A1152FA8CAB8}.Release|Any CPU.ActiveCfg = Release|Any CPU
		{44318E9C-A012-490B-955D-A1152FA8CAB8}.Release|Any CPU.Build.0 = Release|Any CPU
	EndGlobalSection
	GlobalSection(SolutionProperties) = preSolution
		HideSolutionNode = FALSE
	EndGlobalSection
	GlobalSection(ExtensibilityGlobals) = postSolution
		SolutionGuid = {39A29555-1802-4320-851A-87520B6FA6C5}
	EndGlobalSection
EndGlobal
